
Microsoft Visual Studio Solution File, Format Version 12.00
# Visual Studio Version 17
VisualStudioVersion = 17.0.32014.148
MinimumVisualStudioVersion = 10.0.40219.1
Project("{FAE04EC0-301F-11D3-BF4B-00C04F79EFBC}") = "StructDemo01", "StructDemo01\StructDemo01.csproj", "{EB951252-FFA3-4282-BEAE-6CA8B33B66FE}"
EndProject
Global
	GlobalSection(SolutionConfigurationPlatforms) = preSolution
		Debug|Any CPU = Debug|Any CPU
		Release|Any CPU = Release|Any CPU
	EndGlobalSection
	GlobalSection(ProjectConfigurationPlatforms) = postSolution
		{EB951252-FFA3-4282-BEAE-6CA8B33B66FE}.Debug|Any CPU.ActiveCfg = Debug|Any CPU
		{EB951252-FFA3-4282-BEAE-6CA8B33B66FE}.Debug|Any CPU.Build.0 = Debug|Any CPU
		{EB951252-FFA3-4282-BEAE-6CA8B33B66FE}.Release|Any CPU.ActiveCfg = Release|Any CPU
		{EB951252-FFA3-4282-BEAE-6CA8B33B66FE}.Release|Any CPU.Build.0 = Release|Any CPU
	EndGlobalSection
	GlobalSection(SolutionProperties) = preSolution
		HideSolutionNode = FALSE
	EndGlobalSection
	GlobalSection(ExtensibilityGlobals) = postSolution
		SolutionGuid = {133C4228-698D-485D-A7E6-1F8D200158BB}
	EndGlobalSection
EndGlobal
