
Microsoft Visual Studio Solution File, Format Version 12.00
# Visual Studio Version 17
VisualStudioVersion = 17.0.32014.148
MinimumVisualStudioVersion = 10.0.40219.1
Project("{FAE04EC0-301F-11D3-BF4B-00C04F79EFBC}") = "OOPDemo03", "OOPDemo03\OOPDemo03.csproj", "{F50386D0-615A-4490-8F40-12BC93FE3448}"
EndProject
Global
	GlobalSection(SolutionConfigurationPlatforms) = preSolution
		Debug|Any CPU = Debug|Any CPU
		Release|Any CPU = Release|Any CPU
	EndGlobalSection
	GlobalSection(ProjectConfigurationPlatforms) = postSolution
		{F50386D0-615A-4490-8F40-12BC93FE3448}.Debug|Any CPU.ActiveCfg = Debug|Any CPU
		{F50386D0-615A-4490-8F40-12BC93FE3448}.Debug|Any CPU.Build.0 = Debug|Any CPU
		{F50386D0-615A-4490-8F40-12BC93FE3448}.Release|Any CPU.ActiveCfg = Release|Any CPU
		{F50386D0-615A-4490-8F40-12BC93FE3448}.Release|Any CPU.Build.0 = Release|Any CPU
	EndGlobalSection
	GlobalSection(SolutionProperties) = preSolution
		HideSolutionNode = FALSE
	EndGlobalSection
	GlobalSection(ExtensibilityGlobals) = postSolution
		SolutionGuid = {F6B8AE8A-D052-4356-A00F-EE1AA0B1B94F}
	EndGlobalSection
EndGlobal
